
Microsoft Visual Studio Solution File, Format Version 12.00
# Visual Studio Version 17
VisualStudioVersion = 17.14.36202.13
MinimumVisualStudioVersion = 10.0.40219.1
Project("{FAE04EC0-301F-11D3-BF4B-00C04F79EFBC}") = "SampleTestAutomationCS", "TestAutomationCS\SampleTestAutomationCS.csproj", "{DC0905A9-017E-46D1-86C1-CC26BFC74A91}"
EndProject
Project("{FAE04EC0-301F-11D3-BF4B-00C04F79EFBC}") = "TestAutomationCSharp", "TestAutomationCSharp\TestAutomationCSharp.csproj", "{A2668A63-9C9F-4604-9320-575FDC6B2EEA}"
EndProject
Project("{FAE04EC0-301F-11D3-BF4B-00C04F79EFBC}") = "SeleniumCSFramework", "SeleniumCSFramework\SeleniumCSFramework.csproj", "{D9B4A948-5BE7-4A46-91E1-347557BBC859}"
EndProject
Global
	GlobalSection(SolutionConfigurationPlatforms) = preSolution
		Debug|Any CPU = Debug|Any CPU
		Release|Any CPU = Release|Any CPU
	EndGlobalSection
	GlobalSection(ProjectConfigurationPlatforms) = postSolution
		{DC0905A9-017E-46D1-86C1-CC26BFC74A91}.Debug|Any CPU.ActiveCfg = Debug|Any CPU
		{DC0905A9-017E-46D1-86C1-CC26BFC74A91}.Debug|Any CPU.Build.0 = Debug|Any CPU
		{DC0905A9-017E-46D1-86C1-CC26BFC74A91}.Release|Any CPU.ActiveCfg = Release|Any CPU
		{DC0905A9-017E-46D1-86C1-CC26BFC74A91}.Release|Any CPU.Build.0 = Release|Any CPU
		{A2668A63-9C9F-4604-9320-575FDC6B2EEA}.Debug|Any CPU.ActiveCfg = Debug|Any CPU
		{A2668A63-9C9F-4604-9320-575FDC6B2EEA}.Debug|Any CPU.Build.0 = Debug|Any CPU
		{A2668A63-9C9F-4604-9320-575FDC6B2EEA}.Release|Any CPU.ActiveCfg = Release|Any CPU
		{A2668A63-9C9F-4604-9320-575FDC6B2EEA}.Release|Any CPU.Build.0 = Release|Any CPU
		{D9B4A948-5BE7-4A46-91E1-347557BBC859}.Debug|Any CPU.ActiveCfg = Debug|Any CPU
		{D9B4A948-5BE7-4A46-91E1-347557BBC859}.Debug|Any CPU.Build.0 = Debug|Any CPU
		{D9B4A948-5BE7-4A46-91E1-347557BBC859}.Release|Any CPU.ActiveCfg = Release|Any CPU
		{D9B4A948-5BE7-4A46-91E1-347557BBC859}.Release|Any CPU.Build.0 = Release|Any CPU
	EndGlobalSection
	GlobalSection(SolutionProperties) = preSolution
		HideSolutionNode = FALSE
	EndGlobalSection
	GlobalSection(ExtensibilityGlobals) = postSolution
		SolutionGuid = {A482EAC4-54DB-4881-B122-43344E7A9A65}
	EndGlobalSection
EndGlobal
